
Microsoft Visual Studio Solution File, Format Version 12.00
# Visual Studio Version 17
VisualStudioVersion = 17.9.34607.119
MinimumVisualStudioVersion = 10.0.40219.1
Project("{FAE04EC0-301F-11D3-BF4B-00C04F79EFBC}") = "Timer App", "Timer App.csproj", "{27BF2019-5798-470C-A9CB-FBCDF4950FE4}"
EndProject
Project("{9A19103F-16F7-4668-BE54-9A1E7A4F7556}") = "LearningAbstraction in C#", "..\ConsoleApp2\LearningAbstraction in C#.csproj", "{F8D6338E-40D4-40C2-8FF6-B7932021BD54}"
EndProject
Global
	GlobalSection(SolutionConfigurationPlatforms) = preSolution
		Debug|Any CPU = Debug|Any CPU
		Release|Any CPU = Release|Any CPU
	EndGlobalSection
	GlobalSection(ProjectConfigurationPlatforms) = postSolution
		{27BF2019-5798-470C-A9CB-FBCDF4950FE4}.Debug|Any CPU.ActiveCfg = Debug|Any CPU
		{27BF2019-5798-470C-A9CB-FBCDF4950FE4}.Debug|Any CPU.Build.0 = Debug|Any CPU
		{27BF2019-5798-470C-A9CB-FBCDF4950FE4}.Release|Any CPU.ActiveCfg = Release|Any CPU
		{27BF2019-5798-470C-A9CB-FBCDF4950FE4}.Release|Any CPU.Build.0 = Release|Any CPU
		{F8D6338E-40D4-40C2-8FF6-B7932021BD54}.Debug|Any CPU.ActiveCfg = Debug|Any CPU
		{F8D6338E-40D4-40C2-8FF6-B7932021BD54}.Debug|Any CPU.Build.0 = Debug|Any CPU
		{F8D6338E-40D4-40C2-8FF6-B7932021BD54}.Release|Any CPU.ActiveCfg = Release|Any CPU
		{F8D6338E-40D4-40C2-8FF6-B7932021BD54}.Release|Any CPU.Build.0 = Release|Any CPU
	EndGlobalSection
	GlobalSection(SolutionProperties) = preSolution
		HideSolutionNode = FALSE
	EndGlobalSection
	GlobalSection(ExtensibilityGlobals) = postSolution
		SolutionGuid = {95647C92-4B8C-4C0F-98B0-16009943597A}
	EndGlobalSection
EndGlobal
